
Microsoft Visual Studio Solution File, Format Version 12.00
# Visual Studio 2012
Project("{FAE04EC0-301F-11D3-BF4B-00C04F79EFBC}") = "UberFrba", "UberFrba.csproj", "{A07A4359-5DDB-4119-84B2-D71B45190295}"
EndProject
Global
	GlobalSection(SolutionConfigurationPlatforms) = preSolution
		Debug|Any CPU = Debug|Any CPU
		Release|Any CPU = Release|Any CPU
	EndGlobalSection
	GlobalSection(ProjectConfigurationPlatforms) = postSolution
		{A07A4359-5DDB-4119-84B2-D71B45190295}.Debug|Any CPU.ActiveCfg = Debug|Any CPU
		{A07A4359-5DDB-4119-84B2-D71B45190295}.Debug|Any CPU.Build.0 = Debug|Any CPU
		{A07A4359-5DDB-4119-84B2-D71B45190295}.Release|Any CPU.ActiveCfg = Release|Any CPU
		{A07A4359-5DDB-4119-84B2-D71B45190295}.Release|Any CPU.Build.0 = Release|Any CPU
	EndGlobalSection
	GlobalSection(SolutionProperties) = preSolution
		HideSolutionNode = FALSE
	EndGlobalSection
EndGlobal
